// !$*UTF8*$!
{
	archiveVersion = 1;
	classes = {
	};
	objectVersion = 56;
	objects = {

/* Begin PBXBuildFile section */
		254051262AA8B5FF001DB0B9 /* AppDelegate.swift in Sources */ = {isa = PBXBuildFile; fileRef = 254051252AA8B5FF001DB0B9 /* AppDelegate.swift */; };
		254051282AA8B5FF001DB0B9 /* SceneDelegate.swift in Sources */ = {isa = PBXBuildFile; fileRef = 254051272AA8B5FF001DB0B9 /* SceneDelegate.swift */; };
		2540512A2AA8B5FF001DB0B9 /* MainTabBarViewController.swift in Sources */ = {isa = PBXBuildFile; fileRef = 254051292AA8B5FF001DB0B9 /* MainTabBarViewController.swift */; };
		2540512F2AA8B600001DB0B9 /* Assets.xcassets in Resources */ = {isa = PBXBuildFile; fileRef = 2540512E2AA8B600001DB0B9 /* Assets.xcassets */; };
		254051322AA8B600001DB0B9 /* LaunchScreen.storyboard in Resources */ = {isa = PBXBuildFile; fileRef = 254051302AA8B600001DB0B9 /* LaunchScreen.storyboard */; };
		2540513B2AA8C324001DB0B9 /* HomeViewController.swift in Sources */ = {isa = PBXBuildFile; fileRef = 2540513A2AA8C324001DB0B9 /* HomeViewController.swift */; };
		2540513D2AA8C33B001DB0B9 /* UpcomingViewController.swift in Sources */ = {isa = PBXBuildFile; fileRef = 2540513C2AA8C33B001DB0B9 /* UpcomingViewController.swift */; };
		2540513F2AA8C383001DB0B9 /* SearchViewController.swift in Sources */ = {isa = PBXBuildFile; fileRef = 2540513E2AA8C383001DB0B9 /* SearchViewController.swift */; };
		254051412AA8C3EB001DB0B9 /* DownloadViewController.swift in Sources */ = {isa = PBXBuildFile; fileRef = 254051402AA8C3EB001DB0B9 /* DownloadViewController.swift */; };
		254051482AA8D348001DB0B9 /* CollectionViewTableViewCell.swift in Sources */ = {isa = PBXBuildFile; fileRef = 254051472AA8D348001DB0B9 /* CollectionViewTableViewCell.swift */; };
		2540514A2AA8DDE4001DB0B9 /* HeroHeaderUIView.swift in Sources */ = {isa = PBXBuildFile; fileRef = 254051492AA8DDE4001DB0B9 /* HeroHeaderUIView.swift */; };
		255E66862AACA267003FFDD8 /* TitlePreviewViewController.swift in Sources */ = {isa = PBXBuildFile; fileRef = 255E66852AACA267003FFDD8 /* TitlePreviewViewController.swift */; };
		255E66882AACA508003FFDD8 /* TitlePreviewViewModel.swift in Sources */ = {isa = PBXBuildFile; fileRef = 255E66872AACA508003FFDD8 /* TitlePreviewViewModel.swift */; };
		255E66AE2AACBFEB003FFDD8 /* NetflixCloneModel.xcdatamodeld in Sources */ = {isa = PBXBuildFile; fileRef = 255E66AC2AACBFEB003FFDD8 /* NetflixCloneModel.xcdatamodeld */; };
		255E66B02AACC239003FFDD8 /* DataPersistenceManager.swift in Sources */ = {isa = PBXBuildFile; fileRef = 255E66AF2AACC239003FFDD8 /* DataPersistenceManager.swift */; };
		25E33A172AAB5D320037D683 /* TitleTableViewCell.swift in Sources */ = {isa = PBXBuildFile; fileRef = 25E33A162AAB5D320037D683 /* TitleTableViewCell.swift */; };
		25E33A192AAB60080037D683 /* TitleViewModel.swift in Sources */ = {isa = PBXBuildFile; fileRef = 25E33A182AAB60080037D683 /* TitleViewModel.swift */; };
		25E33A1B2AAB6DC10037D683 /* SearchResultsViewController.swift in Sources */ = {isa = PBXBuildFile; fileRef = 25E33A1A2AAB6DC10037D683 /* SearchResultsViewController.swift */; };
		25E33A1F2AAB83830037D683 /* YoutubeSearchResponse.swift in Sources */ = {isa = PBXBuildFile; fileRef = 25E33A1E2AAB83830037D683 /* YoutubeSearchResponse.swift */; };
		25EBF8412AA9F5130014DF22 /* APICaller.swift in Sources */ = {isa = PBXBuildFile; fileRef = 25EBF8402AA9F5130014DF22 /* APICaller.swift */; };
		25EBF8432AA9FB0D0014DF22 /* Title.swift in Sources */ = {isa = PBXBuildFile; fileRef = 25EBF8422AA9FB0D0014DF22 /* Title.swift */; };
		25EBF8452AAA031D0014DF22 /* Extensions.swift in Sources */ = {isa = PBXBuildFile; fileRef = 25EBF8442AAA031D0014DF22 /* Extensions.swift */; };
		25EBF8492AAA0E2F0014DF22 /* TitleCollectionViewCell.swift in Sources */ = {isa = PBXBuildFile; fileRef = 25EBF8482AAA0E2F0014DF22 /* TitleCollectionViewCell.swift */; };
		25EBF84C2AAA10C60014DF22 /* SDWebImage in Frameworks */ = {isa = PBXBuildFile; productRef = 25EBF84B2AAA10C60014DF22 /* SDWebImage */; };
		25EBF84E2AAA10C60014DF22 /* SDWebImageMapKit in Frameworks */ = {isa = PBXBuildFile; productRef = 25EBF84D2AAA10C60014DF22 /* SDWebImageMapKit */; };
/* End PBXBuildFile section */

/* Begin PBXFileReference section */
		254051222AA8B5FF001DB0B9 /* NetflixClone.app */ = {isa = PBXFileReference; explicitFileType = wrapper.application; includeInIndex = 0; path = NetflixClone.app; sourceTree = BUILT_PRODUCTS_DIR; };
		254051252AA8B5FF001DB0B9 /* AppDelegate.swift */ = {isa = PBXFileReference; lastKnownFileType = sourcecode.swift; path = AppDelegate.swift; sourceTree = "<group>"; };
		254051272AA8B5FF001DB0B9 /* SceneDelegate.swift */ = {isa = PBXFileReference; lastKnownFileType = sourcecode.swift; path = SceneDelegate.swift; sourceTree = "<group>"; };
		254051292AA8B5FF001DB0B9 /* MainTabBarViewController.swift */ = {isa = PBXFileReference; lastKnownFileType = sourcecode.swift; path = MainTabBarViewController.swift; sourceTree = "<group>"; };
		2540512E2AA8B600001DB0B9 /* Assets.xcassets */ = {isa = PBXFileReference; lastKnownFileType = folder.assetcatalog; path = Assets.xcassets; sourceTree = "<group>"; };
		254051312AA8B600001DB0B9 /* Base */ = {isa = PBXFileReference; lastKnownFileType = file.storyboard; name = Base; path = Base.lproj/LaunchScreen.storyboard; sourceTree = "<group>"; };
		254051332AA8B600001DB0B9 /* Info.plist */ = {isa = PBXFileReference; lastKnownFileType = text.plist.xml; path = Info.plist; sourceTree = "<group>"; };
		2540513A2AA8C324001DB0B9 /* HomeViewController.swift */ = {isa = PBXFileReference; lastKnownFileType = sourcecode.swift; path = HomeViewController.swift; sourceTree = "<group>"; };
		2540513C2AA8C33B001DB0B9 /* UpcomingViewController.swift */ = {isa = PBXFileReference; lastKnownFileType = sourcecode.swift; path = UpcomingViewController.swift; sourceTree = "<group>"; };
		2540513E2AA8C383001DB0B9 /* SearchViewController.swift */ = {isa = PBXFileReference; lastKnownFileType = sourcecode.swift; path = SearchViewController.swift; sourceTree = "<group>"; };
		254051402AA8C3EB001DB0B9 /* DownloadViewController.swift */ = {isa = PBXFileReference; lastKnownFileType = sourcecode.swift; path = DownloadViewController.swift; sourceTree = "<group>"; };
		254051472AA8D348001DB0B9 /* CollectionViewTableViewCell.swift */ = {isa = PBXFileReference; lastKnownFileType = sourcecode.swift; path = CollectionViewTableViewCell.swift; sourceTree = "<group>"; };
		254051492AA8DDE4001DB0B9 /* HeroHeaderUIView.swift */ = {isa = PBXFileReference; lastKnownFileType = sourcecode.swift; path = HeroHeaderUIView.swift; sourceTree = "<group>"; };
		255E66852AACA267003FFDD8 /* TitlePreviewViewController.swift */ = {isa = PBXFileReference; lastKnownFileType = sourcecode.swift; path = TitlePreviewViewController.swift; sourceTree = "<group>"; };
		255E66872AACA508003FFDD8 /* TitlePreviewViewModel.swift */ = {isa = PBXFileReference; lastKnownFileType = sourcecode.swift; path = TitlePreviewViewModel.swift; sourceTree = "<group>"; };
		255E66AD2AACBFEB003FFDD8 /* NetflixCloneModel.xcdatamodel */ = {isa = PBXFileReference; lastKnownFileType = wrapper.xcdatamodel; path = NetflixCloneModel.xcdatamodel; sourceTree = "<group>"; };
		255E66AF2AACC239003FFDD8 /* DataPersistenceManager.swift */ = {isa = PBXFileReference; lastKnownFileType = sourcecode.swift; path = DataPersistenceManager.swift; sourceTree = "<group>"; };
		25E33A162AAB5D320037D683 /* TitleTableViewCell.swift */ = {isa = PBXFileReference; lastKnownFileType = sourcecode.swift; path = TitleTableViewCell.swift; sourceTree = "<group>"; };
		25E33A182AAB60080037D683 /* TitleViewModel.swift */ = {isa = PBXFileReference; lastKnownFileType = sourcecode.swift; path = TitleViewModel.swift; sourceTree = "<group>"; };
		25E33A1A2AAB6DC10037D683 /* SearchResultsViewController.swift */ = {isa = PBXFileReference; lastKnownFileType = sourcecode.swift; path = SearchResultsViewController.swift; sourceTree = "<group>"; };
		25E33A1E2AAB83830037D683 /* YoutubeSearchResponse.swift */ = {isa = PBXFileReference; lastKnownFileType = sourcecode.swift; path = YoutubeSearchResponse.swift; sourceTree = "<group>"; };
		25EBF8402AA9F5130014DF22 /* APICaller.swift */ = {isa = PBXFileReference; lastKnownFileType = sourcecode.swift; path = APICaller.swift; sourceTree = "<group>"; };
		25EBF8422AA9FB0D0014DF22 /* Title.swift */ = {isa = PBXFileReference; lastKnownFileType = sourcecode.swift; path = Title.swift; sourceTree = "<group>"; };
		25EBF8442AAA031D0014DF22 /* Extensions.swift */ = {isa = PBXFileReference; lastKnownFileType = sourcecode.swift; path = Extensions.swift; sourceTree = "<group>"; };
		25EBF8482AAA0E2F0014DF22 /* TitleCollectionViewCell.swift */ = {isa = PBXFileReference; lastKnownFileType = sourcecode.swift; path = TitleCollectionViewCell.swift; sourceTree = "<group>"; };
/* End PBXFileReference section */

/* Begin PBXFrameworksBuildPhase section */
		2540511F2AA8B5FF001DB0B9 /* Frameworks */ = {
			isa = PBXFrameworksBuildPhase;
			buildActionMask = 2147483647;
			files = (
				25EBF84E2AAA10C60014DF22 /* SDWebImageMapKit in Frameworks */,
				25EBF84C2AAA10C60014DF22 /* SDWebImage in Frameworks */,
			);
			runOnlyForDeploymentPostprocessing = 0;
		};
/* End PBXFrameworksBuildPhase section */

/* Begin PBXGroup section */
		254051192AA8B5FF001DB0B9 = {
			isa = PBXGroup;
			children = (
				254051242AA8B5FF001DB0B9 /* NetflixClone */,
				254051232AA8B5FF001DB0B9 /* Products */,
			);
			sourceTree = "<group>";
		};
		254051232AA8B5FF001DB0B9 /* Products */ = {
			isa = PBXGroup;
			children = (
				254051222AA8B5FF001DB0B9 /* NetflixClone.app */,
			);
			name = Products;
			sourceTree = "<group>";
		};
		254051242AA8B5FF001DB0B9 /* NetflixClone */ = {
			isa = PBXGroup;
			children = (
				254051462AA8D301001DB0B9 /* Managers */,
				254051452AA8D2D4001DB0B9 /* Resources */,
				254051442AA8CF71001DB0B9 /* Models */,
				254051422AA8CF3F001DB0B9 /* Views */,
				254051432AA8CF5A001DB0B9 /* ViewModels */,
				254051392AA8C2C3001DB0B9 /* Controllers */,
				254051252AA8B5FF001DB0B9 /* AppDelegate.swift */,
				254051272AA8B5FF001DB0B9 /* SceneDelegate.swift */,
				2540512E2AA8B600001DB0B9 /* Assets.xcassets */,
				254051302AA8B600001DB0B9 /* LaunchScreen.storyboard */,
				254051332AA8B600001DB0B9 /* Info.plist */,
				255E66AC2AACBFEB003FFDD8 /* NetflixCloneModel.xcdatamodeld */,
			);
			path = NetflixClone;
			sourceTree = "<group>";
		};
		254051392AA8C2C3001DB0B9 /* Controllers */ = {
			isa = PBXGroup;
			children = (
				25E33A1D2AAB6E320037D683 /* General */,
				25E33A1C2AAB6DEE0037D683 /* Core */,
			);
			path = Controllers;
			sourceTree = "<group>";
		};
		254051422AA8CF3F001DB0B9 /* Views */ = {
			isa = PBXGroup;
			children = (
				254051472AA8D348001DB0B9 /* CollectionViewTableViewCell.swift */,
				254051492AA8DDE4001DB0B9 /* HeroHeaderUIView.swift */,
				25EBF8482AAA0E2F0014DF22 /* TitleCollectionViewCell.swift */,
				25E33A162AAB5D320037D683 /* TitleTableViewCell.swift */,
			);
			path = Views;
			sourceTree = "<group>";
		};
		254051432AA8CF5A001DB0B9 /* ViewModels */ = {
			isa = PBXGroup;
			children = (
				255E66872AACA508003FFDD8 /* TitlePreviewViewModel.swift */,
			);
			path = ViewModels;
			sourceTree = "<group>";
		};
		254051442AA8CF71001DB0B9 /* Models */ = {
			isa = PBXGroup;
			children = (
				25EBF8422AA9FB0D0014DF22 /* Title.swift */,
				25E33A182AAB60080037D683 /* TitleViewModel.swift */,
				25E33A1E2AAB83830037D683 /* YoutubeSearchResponse.swift */,
			);
			path = Models;
			sourceTree = "<group>";
		};
		254051452AA8D2D4001DB0B9 /* Resources */ = {
			isa = PBXGroup;
			children = (
				25EBF8442AAA031D0014DF22 /* Extensions.swift */,
			);
			path = Resources;
			sourceTree = "<group>";
		};
		254051462AA8D301001DB0B9 /* Managers */ = {
			isa = PBXGroup;
			children = (
				255E66AF2AACC239003FFDD8 /* DataPersistenceManager.swift */,
				25EBF8402AA9F5130014DF22 /* APICaller.swift */,
			);
			path = Managers;
			sourceTree = "<group>";
		};
		25E33A1C2AAB6DEE0037D683 /* Core */ = {
			isa = PBXGroup;
			children = (
				2540513A2AA8C324001DB0B9 /* HomeViewController.swift */,
				2540513C2AA8C33B001DB0B9 /* UpcomingViewController.swift */,
				2540513E2AA8C383001DB0B9 /* SearchViewController.swift */,
				254051402AA8C3EB001DB0B9 /* DownloadViewController.swift */,
				254051292AA8B5FF001DB0B9 /* MainTabBarViewController.swift */,
			);
			path = Core;
			sourceTree = "<group>";
		};
		25E33A1D2AAB6E320037D683 /* General */ = {
			isa = PBXGroup;
			children = (
				25E33A1A2AAB6DC10037D683 /* SearchResultsViewController.swift */,
				255E66852AACA267003FFDD8 /* TitlePreviewViewController.swift */,
			);
			path = General;
			sourceTree = "<group>";
		};
/* End PBXGroup section */

/* Begin PBXNativeTarget section */
		254051212AA8B5FF001DB0B9 /* NetflixClone */ = {
			isa = PBXNativeTarget;
			buildConfigurationList = 254051362AA8B600001DB0B9 /* Build configuration list for PBXNativeTarget "NetflixClone" */;
			buildPhases = (
				2540511E2AA8B5FF001DB0B9 /* Sources */,
				2540511F2AA8B5FF001DB0B9 /* Frameworks */,
				254051202AA8B5FF001DB0B9 /* Resources */,
			);
			buildRules = (
			);
			dependencies = (
			);
			name = NetflixClone;
			packageProductDependencies = (
				25EBF84B2AAA10C60014DF22 /* SDWebImage */,
				25EBF84D2AAA10C60014DF22 /* SDWebImageMapKit */,
			);
			productName = NetflixClone;
			productReference = 254051222AA8B5FF001DB0B9 /* NetflixClone.app */;
			productType = "com.apple.product-type.application";
		};
/* End PBXNativeTarget section */

/* Begin PBXProject section */
		2540511A2AA8B5FF001DB0B9 /* Project object */ = {
			isa = PBXProject;
			attributes = {
				BuildIndependentTargetsInParallel = 1;
				LastSwiftUpdateCheck = 1430;
				LastUpgradeCheck = 1430;
				TargetAttributes = {
					254051212AA8B5FF001DB0B9 = {
						CreatedOnToolsVersion = 14.3;
					};
				};
			};
			buildConfigurationList = 2540511D2AA8B5FF001DB0B9 /* Build configuration list for PBXProject "NetflixClone" */;
			compatibilityVersion = "Xcode 14.0";
			developmentRegion = en;
			hasScannedForEncodings = 0;
			knownRegions = (
				en,
				Base,
			);
			mainGroup = 254051192AA8B5FF001DB0B9;
			packageReferences = (
				25EBF84A2AAA10C60014DF22 /* XCRemoteSwiftPackageReference "SDWebImage" */,
			);
			productRefGroup = 254051232AA8B5FF001DB0B9 /* Products */;
			projectDirPath = "";
			projectRoot = "";
			targets = (
				254051212AA8B5FF001DB0B9 /* NetflixClone */,
			);
		};
/* End PBXProject section */

/* Begin PBXResourcesBuildPhase section */
		254051202AA8B5FF001DB0B9 /* Resources */ = {
			isa = PBXResourcesBuildPhase;
			buildActionMask = 2147483647;
			files = (
				254051322AA8B600001DB0B9 /* LaunchScreen.storyboard in Resources */,
				2540512F2AA8B600001DB0B9 /* Assets.xcassets in Resources */,
			);
			runOnlyForDeploymentPostprocessing = 0;
		};
/* End PBXResourcesBuildPhase section */

/* Begin PBXSourcesBuildPhase section */
		2540511E2AA8B5FF001DB0B9 /* Sources */ = {
			isa = PBXSourcesBuildPhase;
			buildActionMask = 2147483647;
			files = (
				25E33A172AAB5D320037D683 /* TitleTableViewCell.swift in Sources */,
				2540513F2AA8C383001DB0B9 /* SearchViewController.swift in Sources */,
				25EBF8492AAA0E2F0014DF22 /* TitleCollectionViewCell.swift in Sources */,
				2540512A2AA8B5FF001DB0B9 /* MainTabBarViewController.swift in Sources */,
				254051482AA8D348001DB0B9 /* CollectionViewTableViewCell.swift in Sources */,
				255E66B02AACC239003FFDD8 /* DataPersistenceManager.swift in Sources */,
				25EBF8412AA9F5130014DF22 /* APICaller.swift in Sources */,
				255E66AE2AACBFEB003FFDD8 /* NetflixCloneModel.xcdatamodeld in Sources */,
				2540514A2AA8DDE4001DB0B9 /* HeroHeaderUIView.swift in Sources */,
				254051262AA8B5FF001DB0B9 /* AppDelegate.swift in Sources */,
				254051412AA8C3EB001DB0B9 /* DownloadViewController.swift in Sources */,
				25E33A1B2AAB6DC10037D683 /* SearchResultsViewController.swift in Sources */,
				25EBF8452AAA031D0014DF22 /* Extensions.swift in Sources */,
				25E33A1F2AAB83830037D683 /* YoutubeSearchResponse.swift in Sources */,
				254051282AA8B5FF001DB0B9 /* SceneDelegate.swift in Sources */,
				255E66882AACA508003FFDD8 /* TitlePreviewViewModel.swift in Sources */,
				2540513D2AA8C33B001DB0B9 /* UpcomingViewController.swift in Sources */,
				255E66862AACA267003FFDD8 /* TitlePreviewViewController.swift in Sources */,
				25EBF8432AA9FB0D0014DF22 /* Title.swift in Sources */,
				2540513B2AA8C324001DB0B9 /* HomeViewController.swift in Sources */,
				25E33A192AAB60080037D683 /* TitleViewModel.swift in Sources */,
			);
			runOnlyForDeploymentPostprocessing = 0;
		};
/* End PBXSourcesBuildPhase section */

/* Begin PBXVariantGroup section */
		254051302AA8B600001DB0B9 /* LaunchScreen.storyboard */ = {
			isa = PBXVariantGroup;
			children = (
				254051312AA8B600001DB0B9 /* Base */,
			);
			name = LaunchScreen.storyboard;
			sourceTree = "<group>";
		};
/* End PBXVariantGroup section */

/* Begin XCBuildConfiguration section */
		254051342AA8B600001DB0B9 /* Debug */ = {
			isa = XCBuildConfiguration;
			buildSettings = {
				ALWAYS_SEARCH_USER_PATHS = NO;
				CLANG_ANALYZER_NONNULL = YES;
				CLANG_ANALYZER_NUMBER_OBJECT_CONVERSION = YES_AGGRESSIVE;
				CLANG_CXX_LANGUAGE_STANDARD = "gnu++20";
				CLANG_ENABLE_MODULES = YES;
				CLANG_ENABLE_OBJC_ARC = YES;
				CLANG_ENABLE_OBJC_WEAK = YES;
				CLANG_WARN_BLOCK_CAPTURE_AUTORELEASING = YES;
				CLANG_WARN_BOOL_CONVERSION = YES;
				CLANG_WARN_COMMA = YES;
				CLANG_WARN_CONSTANT_CONVERSION = YES;
				CLANG_WARN_DEPRECATED_OBJC_IMPLEMENTATIONS = YES;
				CLANG_WARN_DIRECT_OBJC_ISA_USAGE = YES_ERROR;
				CLANG_WARN_DOCUMENTATION_COMMENTS = YES;
				CLANG_WARN_EMPTY_BODY = YES;
				CLANG_WARN_ENUM_CONVERSION = YES;
				CLANG_WARN_INFINITE_RECURSION = YES;
				CLANG_WARN_INT_CONVERSION = YES;
				CLANG_WARN_NON_LITERAL_NULL_CONVERSION = YES;
				CLANG_WARN_OBJC_IMPLICIT_RETAIN_SELF = YES;
				CLANG_WARN_OBJC_LITERAL_CONVERSION = YES;
				CLANG_WARN_OBJC_ROOT_CLASS = YES_ERROR;
				CLANG_WARN_QUOTED_INCLUDE_IN_FRAMEWORK_HEADER = YES;
				CLANG_WARN_RANGE_LOOP_ANALYSIS = YES;
				CLANG_WARN_STRICT_PROTOTYPES = YES;
				CLANG_WARN_SUSPICIOUS_MOVE = YES;
				CLANG_WARN_UNGUARDED_AVAILABILITY = YES_AGGRESSIVE;
				CLANG_WARN_UNREACHABLE_CODE = YES;
				CLANG_WARN__DUPLICATE_METHOD_MATCH = YES;
				COPY_PHASE_STRIP = NO;
				DEBUG_INFORMATION_FORMAT = dwarf;
				ENABLE_STRICT_OBJC_MSGSEND = YES;
				ENABLE_TESTABILITY = YES;
				GCC_C_LANGUAGE_STANDARD = gnu11;
				GCC_DYNAMIC_NO_PIC = NO;
				GCC_NO_COMMON_BLOCKS = YES;
				GCC_OPTIMIZATION_LEVEL = 0;
				GCC_PREPROCESSOR_DEFINITIONS = (
					"DEBUG=1",
					"$(inherited)",
				);
				GCC_WARN_64_TO_32_BIT_CONVERSION = YES;
				GCC_WARN_ABOUT_RETURN_TYPE = YES_ERROR;
				GCC_WARN_UNDECLARED_SELECTOR = YES;
				GCC_WARN_UNINITIALIZED_AUTOS = YES_AGGRESSIVE;
				GCC_WARN_UNUSED_FUNCTION = YES;
				GCC_WARN_UNUSED_VARIABLE = YES;
				IPHONEOS_DEPLOYMENT_TARGET = 16.4;
				MTL_ENABLE_DEBUG_INFO = INCLUDE_SOURCE;
				MTL_FAST_MATH = YES;
				ONLY_ACTIVE_ARCH = YES;
				SDKROOT = iphoneos;
				SWIFT_ACTIVE_COMPILATION_CONDITIONS = DEBUG;
				SWIFT_OPTIMIZATION_LEVEL = "-Onone";
			};
			name = Debug;
		};
		254051352AA8B600001DB0B9 /* Release */ = {
			isa = XCBuildConfiguration;
			buildSettings = {
				ALWAYS_SEARCH_USER_PATHS = NO;
				CLANG_ANALYZER_NONNULL = YES;
				CLANG_ANALYZER_NUMBER_OBJECT_CONVERSION = YES_AGGRESSIVE;
				CLANG_CXX_LANGUAGE_STANDARD = "gnu++20";
				CLANG_ENABLE_MODULES = YES;
				CLANG_ENABLE_OBJC_ARC = YES;
				CLANG_ENABLE_OBJC_WEAK = YES;
				CLANG_WARN_BLOCK_CAPTURE_AUTORELEASING = YES;
				CLANG_WARN_BOOL_CONVERSION = YES;
				CLANG_WARN_COMMA = YES;
				CLANG_WARN_CONSTANT_CONVERSION = YES;
				CLANG_WARN_DEPRECATED_OBJC_IMPLEMENTATIONS = YES;
				CLANG_WARN_DIRECT_OBJC_ISA_USAGE = YES_ERROR;
				CLANG_WARN_DOCUMENTATION_COMMENTS = YES;
				CLANG_WARN_EMPTY_BODY = YES;
				CLANG_WARN_ENUM_CONVERSION = YES;
				CLANG_WARN_INFINITE_RECURSION = YES;
				CLANG_WARN_INT_CONVERSION = YES;
				CLANG_WARN_NON_LITERAL_NULL_CONVERSION = YES;
				CLANG_WARN_OBJC_IMPLICIT_RETAIN_SELF = YES;
				CLANG_WARN_OBJC_LITERAL_CONVERSION = YES;
				CLANG_WARN_OBJC_ROOT_CLASS = YES_ERROR;
				CLANG_WARN_QUOTED_INCLUDE_IN_FRAMEWORK_HEADER = YES;
				CLANG_WARN_RANGE_LOOP_ANALYSIS = YES;
				CLANG_WARN_STRICT_PROTOTYPES = YES;
				CLANG_WARN_SUSPICIOUS_MOVE = YES;
				CLANG_WARN_UNGUARDED_AVAILABILITY = YES_AGGRESSIVE;
				CLANG_WARN_UNREACHABLE_CODE = YES;
				CLANG_WARN__DUPLICATE_METHOD_MATCH = YES;
				COPY_PHASE_STRIP = NO;
				DEBUG_INFORMATION_FORMAT = "dwarf-with-dsym";
				ENABLE_NS_ASSERTIONS = NO;
				ENABLE_STRICT_OBJC_MSGSEND = YES;
				GCC_C_LANGUAGE_STANDARD = gnu11;
				GCC_NO_COMMON_BLOCKS = YES;
				GCC_WARN_64_TO_32_BIT_CONVERSION = YES;
				GCC_WARN_ABOUT_RETURN_TYPE = YES_ERROR;
				GCC_WARN_UNDECLARED_SELECTOR = YES;
				GCC_WARN_UNINITIALIZED_AUTOS = YES_AGGRESSIVE;
				GCC_WARN_UNUSED_FUNCTION = YES;
				GCC_WARN_UNUSED_VARIABLE = YES;
				IPHONEOS_DEPLOYMENT_TARGET = 16.4;
				MTL_ENABLE_DEBUG_INFO = NO;
				MTL_FAST_MATH = YES;
				SDKROOT = iphoneos;
				SWIFT_COMPILATION_MODE = wholemodule;
				SWIFT_OPTIMIZATION_LEVEL = "-O";
				VALIDATE_PRODUCT = YES;
			};
			name = Release;
		};
		254051372AA8B600001DB0B9 /* Debug */ = {
			isa = XCBuildConfiguration;
			buildSettings = {
				ASSETCATALOG_COMPILER_APPICON_NAME = AppIcon;
				ASSETCATALOG_COMPILER_GLOBAL_ACCENT_COLOR_NAME = AccentColor;
				CODE_SIGN_STYLE = Automatic;
				CURRENT_PROJECT_VERSION = 1;
				DEVELOPMENT_TEAM = XBYFKL3M6F;
				GENERATE_INFOPLIST_FILE = YES;
				INFOPLIST_FILE = NetflixClone/Info.plist;
				INFOPLIST_KEY_UIApplicationSupportsIndirectInputEvents = YES;
				INFOPLIST_KEY_UILaunchStoryboardName = LaunchScreen;
				INFOPLIST_KEY_UISupportedInterfaceOrientations_iPad = "UIInterfaceOrientationPortrait UIInterfaceOrientationPortraitUpsideDown UIInterfaceOrientationLandscapeLeft UIInterfaceOrientationLandscapeRight";
				INFOPLIST_KEY_UISupportedInterfaceOrientations_iPhone = "UIInterfaceOrientationPortrait UIInterfaceOrientationLandscapeLeft UIInterfaceOrientationLandscapeRight";
				LD_RUNPATH_SEARCH_PATHS = (
					"$(inherited)",
					"@executable_path/Frameworks",
				);
				MARKETING_VERSION = 1.0;
				PRODUCT_BUNDLE_IDENTIFIER = com.venky.NetflixClone;
				PRODUCT_NAME = "$(TARGET_NAME)";
				SWIFT_EMIT_LOC_STRINGS = YES;
				SWIFT_VERSION = 5.0;
				TARGETED_DEVICE_FAMILY = "1,2";
			};
			name = Debug;
		};
		254051382AA8B600001DB0B9 /* Release */ = {
			isa = XCBuildConfiguration;
			buildSettings = {
				ASSETCATALOG_COMPILER_APPICON_NAME = AppIcon;
				ASSETCATALOG_COMPILER_GLOBAL_ACCENT_COLOR_NAME = AccentColor;
				CODE_SIGN_STYLE = Automatic;
				CURRENT_PROJECT_VERSION = 1;
				DEVELOPMENT_TEAM = XBYFKL3M6F;
				GENERATE_INFOPLIST_FILE = YES;
				INFOPLIST_FILE = NetflixClone/Info.plist;
				INFOPLIST_KEY_UIApplicationSupportsIndirectInputEvents = YES;
				INFOPLIST_KEY_UILaunchStoryboardName = LaunchScreen;
				INFOPLIST_KEY_UISupportedInterfaceOrientations_iPad = "UIInterfaceOrientationPortrait UIInterfaceOrientationPortraitUpsideDown UIInterfaceOrientationLandscapeLeft UIInterfaceOrientationLandscapeRight";
				INFOPLIST_KEY_UISupportedInterfaceOrientations_iPhone = "UIInterfaceOrientationPortrait UIInterfaceOrientationLandscapeLeft UIInterfaceOrientationLandscapeRight";
				LD_RUNPATH_SEARCH_PATHS = (
					"$(inherited)",
					"@executable_path/Frameworks",
				);
				MARKETING_VERSION = 1.0;
				PRODUCT_BUNDLE_IDENTIFIER = com.venky.NetflixClone;
				PRODUCT_NAME = "$(TARGET_NAME)";
				SWIFT_EMIT_LOC_STRINGS = YES;
				SWIFT_VERSION = 5.0;
				TARGETED_DEVICE_FAMILY = "1,2";
			};
			name = Release;
		};
/* End XCBuildConfiguration section */

/* Begin XCConfigurationList section */
		2540511D2AA8B5FF001DB0B9 /* Build configuration list for PBXProject "NetflixClone" */ = {
			isa = XCConfigurationList;
			buildConfigurations = (
				254051342AA8B600001DB0B9 /* Debug */,
				254051352AA8B600001DB0B9 /* Release */,
			);
			defaultConfigurationIsVisible = 0;
			defaultConfigurationName = Release;
		};
		254051362AA8B600001DB0B9 /* Build configuration list for PBXNativeTarget "NetflixClone" */ = {
			isa = XCConfigurationList;
			buildConfigurations = (
				254051372AA8B600001DB0B9 /* Debug */,
				254051382AA8B600001DB0B9 /* Release */,
			);
			defaultConfigurationIsVisible = 0;
			defaultConfigurationName = Release;
		};
/* End XCConfigurationList section */

/* Begin XCRemoteSwiftPackageReference section */
		25EBF84A2AAA10C60014DF22 /* XCRemoteSwiftPackageReference "SDWebImage" */ = {
			isa = XCRemoteSwiftPackageReference;
			repositoryURL = "https://github.com/SDWebImage/SDWebImage.git";
			requirement = {
				kind = upToNextMajorVersion;
				minimumVersion = 5.0.0;
			};
		};
/* End XCRemoteSwiftPackageReference section */

/* Begin XCSwiftPackageProductDependency section */
		25EBF84B2AAA10C60014DF22 /* SDWebImage */ = {
			isa = XCSwiftPackageProductDependency;
			package = 25EBF84A2AAA10C60014DF22 /* XCRemoteSwiftPackageReference "SDWebImage" */;
			productName = SDWebImage;
		};
		25EBF84D2AAA10C60014DF22 /* SDWebImageMapKit */ = {
			isa = XCSwiftPackageProductDependency;
			package = 25EBF84A2AAA10C60014DF22 /* XCRemoteSwiftPackageReference "SDWebImage" */;
			productName = SDWebImageMapKit;
		};
/* End XCSwiftPackageProductDependency section */

/* Begin XCVersionGroup section */
		255E66AC2AACBFEB003FFDD8 /* NetflixCloneModel.xcdatamodeld */ = {
			isa = XCVersionGroup;
			children = (
				255E66AD2AACBFEB003FFDD8 /* NetflixCloneModel.xcdatamodel */,
			);
			currentVersion = 255E66AD2AACBFEB003FFDD8 /* NetflixCloneModel.xcdatamodel */;
			path = NetflixCloneModel.xcdatamodeld;
			sourceTree = "<group>";
			versionGroupType = wrapper.xcdatamodel;
		};
/* End XCVersionGroup section */
	};
	rootObject = 2540511A2AA8B5FF001DB0B9 /* Project object */;
}
